// !$*UTF8*$!
{
	archiveVersion = 1;
	classes = {
	};
	objectVersion = 55;
	objects = {

/* Begin PBXBuildFile section */
		BCCF2B9127E908850031A449 /* AppDelegate.swift in Sources */ = {isa = PBXBuildFile; fileRef = BCCF2B9027E908850031A449 /* AppDelegate.swift */; };
		BCCF2B9327E908850031A449 /* SceneDelegate.swift in Sources */ = {isa = PBXBuildFile; fileRef = BCCF2B9227E908850031A449 /* SceneDelegate.swift */; };
		BCCF2B9527E908850031A449 /* IntroductionViewController.swift in Sources */ = {isa = PBXBuildFile; fileRef = BCCF2B9427E908850031A449 /* IntroductionViewController.swift */; };
		BCCF2B9827E908850031A449 /* Main.storyboard in Resources */ = {isa = PBXBuildFile; fileRef = BCCF2B9627E908850031A449 /* Main.storyboard */; };
		BCCF2B9A27E908860031A449 /* Assets.xcassets in Resources */ = {isa = PBXBuildFile; fileRef = BCCF2B9927E908860031A449 /* Assets.xcassets */; };
		BCCF2B9D27E908860031A449 /* LaunchScreen.storyboard in Resources */ = {isa = PBXBuildFile; fileRef = BCCF2B9B27E908860031A449 /* LaunchScreen.storyboard */; };
		BCCF2BAA27E92A1C0031A449 /* Question.swift in Sources */ = {isa = PBXBuildFile; fileRef = BCCF2BA927E92A1C0031A449 /* Question.swift */; };
		BCCF2BB727EFC68F0031A449 /* QuestionsViewController.swift in Sources */ = {isa = PBXBuildFile; fileRef = BCCF2BB627EFC68F0031A449 /* QuestionsViewController.swift */; };
		BCCF2BB927EFC6C40031A449 /* ResultViewController.swift in Sources */ = {isa = PBXBuildFile; fileRef = BCCF2BB827EFC6C40031A449 /* ResultViewController.swift */; };
/* End PBXBuildFile section */

/* Begin PBXFileReference section */
		BCCF2B8D27E908850031A449 /* MVC APP.app */ = {isa = PBXFileReference; explicitFileType = wrapper.application; includeInIndex = 0; path = "MVC APP.app"; sourceTree = BUILT_PRODUCTS_DIR; };
		BCCF2B9027E908850031A449 /* AppDelegate.swift */ = {isa = PBXFileReference; lastKnownFileType = sourcecode.swift; path = AppDelegate.swift; sourceTree = "<group>"; };
		BCCF2B9227E908850031A449 /* SceneDelegate.swift */ = {isa = PBXFileReference; lastKnownFileType = sourcecode.swift; path = SceneDelegate.swift; sourceTree = "<group>"; };
		BCCF2B9427E908850031A449 /* IntroductionViewController.swift */ = {isa = PBXFileReference; lastKnownFileType = sourcecode.swift; path = IntroductionViewController.swift; sourceTree = "<group>"; };
		BCCF2B9727E908850031A449 /* Base */ = {isa = PBXFileReference; lastKnownFileType = file.storyboard; name = Base; path = Base.lproj/Main.storyboard; sourceTree = "<group>"; };
		BCCF2B9927E908860031A449 /* Assets.xcassets */ = {isa = PBXFileReference; lastKnownFileType = folder.assetcatalog; path = Assets.xcassets; sourceTree = "<group>"; };
		BCCF2B9C27E908860031A449 /* Base */ = {isa = PBXFileReference; lastKnownFileType = file.storyboard; name = Base; path = Base.lproj/LaunchScreen.storyboard; sourceTree = "<group>"; };
		BCCF2B9E27E908860031A449 /* Info.plist */ = {isa = PBXFileReference; lastKnownFileType = text.plist.xml; path = Info.plist; sourceTree = "<group>"; };
		BCCF2BA927E92A1C0031A449 /* Question.swift */ = {isa = PBXFileReference; lastKnownFileType = sourcecode.swift; path = Question.swift; sourceTree = "<group>"; };
		BCCF2BB627EFC68F0031A449 /* QuestionsViewController.swift */ = {isa = PBXFileReference; lastKnownFileType = sourcecode.swift; path = QuestionsViewController.swift; sourceTree = "<group>"; };
		BCCF2BB827EFC6C40031A449 /* ResultViewController.swift */ = {isa = PBXFileReference; lastKnownFileType = sourcecode.swift; path = ResultViewController.swift; sourceTree = "<group>"; };
/* End PBXFileReference section */

/* Begin PBXFrameworksBuildPhase section */
		BCCF2B8A27E908850031A449 /* Frameworks */ = {
			isa = PBXFrameworksBuildPhase;
			buildActionMask = 2147483647;
			files = (
			);
			runOnlyForDeploymentPostprocessing = 0;
		};
/* End PBXFrameworksBuildPhase section */

/* Begin PBXGroup section */
		BCCF2B8427E908850031A449 = {
			isa = PBXGroup;
			children = (
				BCCF2B8F27E908850031A449 /* MVC APP */,
				BCCF2B8E27E908850031A449 /* Products */,
			);
			sourceTree = "<group>";
		};
		BCCF2B8E27E908850031A449 /* Products */ = {
			isa = PBXGroup;
			children = (
				BCCF2B8D27E908850031A449 /* MVC APP.app */,
			);
			name = Products;
			sourceTree = "<group>";
		};
		BCCF2B8F27E908850031A449 /* MVC APP */ = {
			isa = PBXGroup;
			children = (
				BCCF2BA427E9278E0031A449 /* ViewControllers */,
				BCCF2BA827E9288D0031A449 /* Models */,
				BCCF2BA527E927A70031A449 /* Storyboards */,
				BCCF2BA727E927E70031A449 /* App */,
				BCCF2BA627E927CD0031A449 /* Resourser */,
			);
			path = "MVC APP";
			sourceTree = "<group>";
		};
		BCCF2BA427E9278E0031A449 /* ViewControllers */ = {
			isa = PBXGroup;
			children = (
				BCCF2B9427E908850031A449 /* IntroductionViewController.swift */,
				BCCF2BB627EFC68F0031A449 /* QuestionsViewController.swift */,
				BCCF2BB827EFC6C40031A449 /* ResultViewController.swift */,
			);
			path = ViewControllers;
			sourceTree = "<group>";
		};
		BCCF2BA527E927A70031A449 /* Storyboards */ = {
			isa = PBXGroup;
			children = (
				BCCF2B9B27E908860031A449 /* LaunchScreen.storyboard */,
				BCCF2B9627E908850031A449 /* Main.storyboard */,
			);
			path = Storyboards;
			sourceTree = "<group>";
		};
		BCCF2BA627E927CD0031A449 /* Resourser */ = {
			isa = PBXGroup;
			children = (
				BCCF2B9927E908860031A449 /* Assets.xcassets */,
			);
			path = Resourser;
			sourceTree = "<group>";
		};
		BCCF2BA727E927E70031A449 /* App */ = {
			isa = PBXGroup;
			children = (
				BCCF2B9027E908850031A449 /* AppDelegate.swift */,
				BCCF2B9227E908850031A449 /* SceneDelegate.swift */,
				BCCF2B9E27E908860031A449 /* Info.plist */,
			);
			path = App;
			sourceTree = "<group>";
		};
		BCCF2BA827E9288D0031A449 /* Models */ = {
			isa = PBXGroup;
			children = (
				BCCF2BA927E92A1C0031A449 /* Question.swift */,
			);
			path = Models;
			sourceTree = "<group>";
		};
/* End PBXGroup section */

/* Begin PBXNativeTarget section */
		BCCF2B8C27E908850031A449 /* MVC APP */ = {
			isa = PBXNativeTarget;
			buildConfigurationList = BCCF2BA127E908860031A449 /* Build configuration list for PBXNativeTarget "MVC APP" */;
			buildPhases = (
				BCCF2B8927E908850031A449 /* Sources */,
				BCCF2B8A27E908850031A449 /* Frameworks */,
				BCCF2B8B27E908850031A449 /* Resources */,
			);
			buildRules = (
			);
			dependencies = (
			);
			name = "MVC APP";
			productName = "MVC APP";
			productReference = BCCF2B8D27E908850031A449 /* MVC APP.app */;
			productType = "com.apple.product-type.application";
		};
/* End PBXNativeTarget section */

/* Begin PBXProject section */
		BCCF2B8527E908850031A449 /* Project object */ = {
			isa = PBXProject;
			attributes = {
				BuildIndependentTargetsInParallel = 1;
				LastSwiftUpdateCheck = 1320;
				LastUpgradeCheck = 1320;
				TargetAttributes = {
					BCCF2B8C27E908850031A449 = {
						CreatedOnToolsVersion = 13.2.1;
					};
				};
			};
			buildConfigurationList = BCCF2B8827E908850031A449 /* Build configuration list for PBXProject "MVC APP" */;
			compatibilityVersion = "Xcode 13.0";
			developmentRegion = en;
			hasScannedForEncodings = 0;
			knownRegions = (
				en,
				Base,
			);
			mainGroup = BCCF2B8427E908850031A449;
			productRefGroup = BCCF2B8E27E908850031A449 /* Products */;
			projectDirPath = "";
			projectRoot = "";
			targets = (
				BCCF2B8C27E908850031A449 /* MVC APP */,
			);
		};
/* End PBXProject section */

/* Begin PBXResourcesBuildPhase section */
		BCCF2B8B27E908850031A449 /* Resources */ = {
			isa = PBXResourcesBuildPhase;
			buildActionMask = 2147483647;
			files = (
				BCCF2B9D27E908860031A449 /* LaunchScreen.storyboard in Resources */,
				BCCF2B9A27E908860031A449 /* Assets.xcassets in Resources */,
				BCCF2B9827E908850031A449 /* Main.storyboard in Resources */,
			);
			runOnlyForDeploymentPostprocessing = 0;
		};
/* End PBXResourcesBuildPhase section */

/* Begin PBXSourcesBuildPhase section */
		BCCF2B8927E908850031A449 /* Sources */ = {
			isa = PBXSourcesBuildPhase;
			buildActionMask = 2147483647;
			files = (
				BCCF2B9527E908850031A449 /* IntroductionViewController.swift in Sources */,
				BCCF2BB727EFC68F0031A449 /* QuestionsViewController.swift in Sources */,
				BCCF2BAA27E92A1C0031A449 /* Question.swift in Sources */,
				BCCF2B9127E908850031A449 /* AppDelegate.swift in Sources */,
				BCCF2B9327E908850031A449 /* SceneDelegate.swift in Sources */,
				BCCF2BB927EFC6C40031A449 /* ResultViewController.swift in Sources */,
			);
			runOnlyForDeploymentPostprocessing = 0;
		};
/* End PBXSourcesBuildPhase section */

/* Begin PBXVariantGroup section */
		BCCF2B9627E908850031A449 /* Main.storyboard */ = {
			isa = PBXVariantGroup;
			children = (
				BCCF2B9727E908850031A449 /* Base */,
			);
			name = Main.storyboard;
			sourceTree = "<group>";
		};
		BCCF2B9B27E908860031A449 /* LaunchScreen.storyboard */ = {
			isa = PBXVariantGroup;
			children = (
				BCCF2B9C27E908860031A449 /* Base */,
			);
			name = LaunchScreen.storyboard;
			sourceTree = "<group>";
		};
/* End PBXVariantGroup section */

/* Begin XCBuildConfiguration section */
		BCCF2B9F27E908860031A449 /* Debug */ = {
			isa = XCBuildConfiguration;
			buildSettings = {
				ALWAYS_SEARCH_USER_PATHS = NO;
				CLANG_ANALYZER_NONNULL = YES;
				CLANG_ANALYZER_NUMBER_OBJECT_CONVERSION = YES_AGGRESSIVE;
				CLANG_CXX_LANGUAGE_STANDARD = "gnu++17";
				CLANG_CXX_LIBRARY = "libc++";
				CLANG_ENABLE_MODULES = YES;
				CLANG_ENABLE_OBJC_ARC = YES;
				CLANG_ENABLE_OBJC_WEAK = YES;
				CLANG_WARN_BLOCK_CAPTURE_AUTORELEASING = YES;
				CLANG_WARN_BOOL_CONVERSION = YES;
				CLANG_WARN_COMMA = YES;
				CLANG_WARN_CONSTANT_CONVERSION = YES;
				CLANG_WARN_DEPRECATED_OBJC_IMPLEMENTATIONS = YES;
				CLANG_WARN_DIRECT_OBJC_ISA_USAGE = YES_ERROR;
				CLANG_WARN_DOCUMENTATION_COMMENTS = YES;
				CLANG_WARN_EMPTY_BODY = YES;
				CLANG_WARN_ENUM_CONVERSION = YES;
				CLANG_WARN_INFINITE_RECURSION = YES;
				CLANG_WARN_INT_CONVERSION = YES;
				CLANG_WARN_NON_LITERAL_NULL_CONVERSION = YES;
				CLANG_WARN_OBJC_IMPLICIT_RETAIN_SELF = YES;
				CLANG_WARN_OBJC_LITERAL_CONVERSION = YES;
				CLANG_WARN_OBJC_ROOT_CLASS = YES_ERROR;
				CLANG_WARN_QUOTED_INCLUDE_IN_FRAMEWORK_HEADER = YES;
				CLANG_WARN_RANGE_LOOP_ANALYSIS = YES;
				CLANG_WARN_STRICT_PROTOTYPES = YES;
				CLANG_WARN_SUSPICIOUS_MOVE = YES;
				CLANG_WARN_UNGUARDED_AVAILABILITY = YES_AGGRESSIVE;
				CLANG_WARN_UNREACHABLE_CODE = YES;
				CLANG_WARN__DUPLICATE_METHOD_MATCH = YES;
				COPY_PHASE_STRIP = NO;
				DEBUG_INFORMATION_FORMAT = dwarf;
				ENABLE_STRICT_OBJC_MSGSEND = YES;
				ENABLE_TESTABILITY = YES;
				GCC_C_LANGUAGE_STANDARD = gnu11;
				GCC_DYNAMIC_NO_PIC = NO;
				GCC_NO_COMMON_BLOCKS = YES;
				GCC_OPTIMIZATION_LEVEL = 0;
				GCC_PREPROCESSOR_DEFINITIONS = (
					"DEBUG=1",
					"$(inherited)",
				);
				GCC_WARN_64_TO_32_BIT_CONVERSION = YES;
				GCC_WARN_ABOUT_RETURN_TYPE = YES_ERROR;
				GCC_WARN_UNDECLARED_SELECTOR = YES;
				GCC_WARN_UNINITIALIZED_AUTOS = YES_AGGRESSIVE;
				GCC_WARN_UNUSED_FUNCTION = YES;
				GCC_WARN_UNUSED_VARIABLE = YES;
				IPHONEOS_DEPLOYMENT_TARGET = 15.2;
				MTL_ENABLE_DEBUG_INFO = INCLUDE_SOURCE;
				MTL_FAST_MATH = YES;
				ONLY_ACTIVE_ARCH = YES;
				SDKROOT = iphoneos;
				SWIFT_ACTIVE_COMPILATION_CONDITIONS = DEBUG;
				SWIFT_OPTIMIZATION_LEVEL = "-Onone";
			};
			name = Debug;
		};
		BCCF2BA027E908860031A449 /* Release */ = {
			isa = XCBuildConfiguration;
			buildSettings = {
				ALWAYS_SEARCH_USER_PATHS = NO;
				CLANG_ANALYZER_NONNULL = YES;
				CLANG_ANALYZER_NUMBER_OBJECT_CONVERSION = YES_AGGRESSIVE;
				CLANG_CXX_LANGUAGE_STANDARD = "gnu++17";
				CLANG_CXX_LIBRARY = "libc++";
				CLANG_ENABLE_MODULES = YES;
				CLANG_ENABLE_OBJC_ARC = YES;
				CLANG_ENABLE_OBJC_WEAK = YES;
				CLANG_WARN_BLOCK_CAPTURE_AUTORELEASING = YES;
				CLANG_WARN_BOOL_CONVERSION = YES;
				CLANG_WARN_COMMA = YES;
				CLANG_WARN_CONSTANT_CONVERSION = YES;
				CLANG_WARN_DEPRECATED_OBJC_IMPLEMENTATIONS = YES;
				CLANG_WARN_DIRECT_OBJC_ISA_USAGE = YES_ERROR;
				CLANG_WARN_DOCUMENTATION_COMMENTS = YES;
				CLANG_WARN_EMPTY_BODY = YES;
				CLANG_WARN_ENUM_CONVERSION = YES;
				CLANG_WARN_INFINITE_RECURSION = YES;
				CLANG_WARN_INT_CONVERSION = YES;
				CLANG_WARN_NON_LITERAL_NULL_CONVERSION = YES;
				CLANG_WARN_OBJC_IMPLICIT_RETAIN_SELF = YES;
				CLANG_WARN_OBJC_LITERAL_CONVERSION = YES;
				CLANG_WARN_OBJC_ROOT_CLASS = YES_ERROR;
				CLANG_WARN_QUOTED_INCLUDE_IN_FRAMEWORK_HEADER = YES;
				CLANG_WARN_RANGE_LOOP_ANALYSIS = YES;
				CLANG_WARN_STRICT_PROTOTYPES = YES;
				CLANG_WARN_SUSPICIOUS_MOVE = YES;
				CLANG_WARN_UNGUARDED_AVAILABILITY = YES_AGGRESSIVE;
				CLANG_WARN_UNREACHABLE_CODE = YES;
				CLANG_WARN__DUPLICATE_METHOD_MATCH = YES;
				COPY_PHASE_STRIP = NO;
				DEBUG_INFORMATION_FORMAT = "dwarf-with-dsym";
				ENABLE_NS_ASSERTIONS = NO;
				ENABLE_STRICT_OBJC_MSGSEND = YES;
				GCC_C_LANGUAGE_STANDARD = gnu11;
				GCC_NO_COMMON_BLOCKS = YES;
				GCC_WARN_64_TO_32_BIT_CONVERSION = YES;
				GCC_WARN_ABOUT_RETURN_TYPE = YES_ERROR;
				GCC_WARN_UNDECLARED_SELECTOR = YES;
				GCC_WARN_UNINITIALIZED_AUTOS = YES_AGGRESSIVE;
				GCC_WARN_UNUSED_FUNCTION = YES;
				GCC_WARN_UNUSED_VARIABLE = YES;
				IPHONEOS_DEPLOYMENT_TARGET = 15.2;
				MTL_ENABLE_DEBUG_INFO = NO;
				MTL_FAST_MATH = YES;
				SDKROOT = iphoneos;
				SWIFT_COMPILATION_MODE = wholemodule;
				SWIFT_OPTIMIZATION_LEVEL = "-O";
				VALIDATE_PRODUCT = YES;
			};
			name = Release;
		};
		BCCF2BA227E908860031A449 /* Debug */ = {
			isa = XCBuildConfiguration;
			buildSettings = {
				ASSETCATALOG_COMPILER_APPICON_NAME = AppIcon;
				ASSETCATALOG_COMPILER_GLOBAL_ACCENT_COLOR_NAME = AccentColor;
				CODE_SIGN_STYLE = Automatic;
				CURRENT_PROJECT_VERSION = 1;
				DEVELOPMENT_TEAM = J9VF8UL9WD;
				GENERATE_INFOPLIST_FILE = YES;
				INFOPLIST_FILE = "MVC APP/App/Info.plist";
				INFOPLIST_KEY_UIApplicationSupportsIndirectInputEvents = YES;
				INFOPLIST_KEY_UILaunchStoryboardName = LaunchScreen;
				INFOPLIST_KEY_UIMainStoryboardFile = Main;
				INFOPLIST_KEY_UISupportedInterfaceOrientations = "UIInterfaceOrientationPortrait UIInterfaceOrientationLandscapeLeft UIInterfaceOrientationLandscapeRight";
				INFOPLIST_KEY_UISupportedInterfaceOrientations_iPad = "UIInterfaceOrientationPortrait UIInterfaceOrientationPortraitUpsideDown UIInterfaceOrientationLandscapeLeft UIInterfaceOrientationLandscapeRight";
				INFOPLIST_KEY_UISupportedInterfaceOrientations_iPhone = "UIInterfaceOrientationPortrait UIInterfaceOrientationLandscapeLeft UIInterfaceOrientationLandscapeRight";
				LD_RUNPATH_SEARCH_PATHS = (
					"$(inherited)",
					"@executable_path/Frameworks",
				);
				MARKETING_VERSION = 1.0;
				PRODUCT_BUNDLE_IDENTIFIER = "ssteall.MVC-APP";
				PRODUCT_NAME = "$(TARGET_NAME)";
				SWIFT_EMIT_LOC_STRINGS = YES;
				SWIFT_VERSION = 5.0;
				TARGETED_DEVICE_FAMILY = 1;
			};
			name = Debug;
		};
		BCCF2BA327E908860031A449 /* Release */ = {
			isa = XCBuildConfiguration;
			buildSettings = {
				ASSETCATALOG_COMPILER_APPICON_NAME = AppIcon;
				ASSETCATALOG_COMPILER_GLOBAL_ACCENT_COLOR_NAME = AccentColor;
				CODE_SIGN_STYLE = Automatic;
				CURRENT_PROJECT_VERSION = 1;
				DEVELOPMENT_TEAM = J9VF8UL9WD;
				GENERATE_INFOPLIST_FILE = YES;
				INFOPLIST_FILE = "MVC APP/App/Info.plist";
				INFOPLIST_KEY_UIApplicationSupportsIndirectInputEvents = YES;
				INFOPLIST_KEY_UILaunchStoryboardName = LaunchScreen;
				INFOPLIST_KEY_UIMainStoryboardFile = Main;
				INFOPLIST_KEY_UISupportedInterfaceOrientations = "UIInterfaceOrientationPortrait UIInterfaceOrientationLandscapeLeft UIInterfaceOrientationLandscapeRight";
				INFOPLIST_KEY_UISupportedInterfaceOrientations_iPad = "UIInterfaceOrientationPortrait UIInterfaceOrientationPortraitUpsideDown UIInterfaceOrientationLandscapeLeft UIInterfaceOrientationLandscapeRight";
				INFOPLIST_KEY_UISupportedInterfaceOrientations_iPhone = "UIInterfaceOrientationPortrait UIInterfaceOrientationLandscapeLeft UIInterfaceOrientationLandscapeRight";
				LD_RUNPATH_SEARCH_PATHS = (
					"$(inherited)",
					"@executable_path/Frameworks",
				);
				MARKETING_VERSION = 1.0;
				PRODUCT_BUNDLE_IDENTIFIER = "ssteall.MVC-APP";
				PRODUCT_NAME = "$(TARGET_NAME)";
				SWIFT_EMIT_LOC_STRINGS = YES;
				SWIFT_VERSION = 5.0;
				TARGETED_DEVICE_FAMILY = 1;
			};
			name = Release;
		};
/* End XCBuildConfiguration section */

/* Begin XCConfigurationList section */
		BCCF2B8827E908850031A449 /* Build configuration list for PBXProject "MVC APP" */ = {
			isa = XCConfigurationList;
			buildConfigurations = (
				BCCF2B9F27E908860031A449 /* Debug */,
				BCCF2BA027E908860031A449 /* Release */,
			);
			defaultConfigurationIsVisible = 0;
			defaultConfigurationName = Release;
		};
		BCCF2BA127E908860031A449 /* Build configuration list for PBXNativeTarget "MVC APP" */ = {
			isa = XCConfigurationList;
			buildConfigurations = (
				BCCF2BA227E908860031A449 /* Debug */,
				BCCF2BA327E908860031A449 /* Release */,
			);
			defaultConfigurationIsVisible = 0;
			defaultConfigurationName = Release;
		};
/* End XCConfigurationList section */
	};
	rootObject = BCCF2B8527E908850031A449 /* Project object */;
}
